
Microsoft Visual Studio Solution File, Format Version 12.00
# Visual Studio Version 16
VisualStudioVersion = 16.0.30114.105
MinimumVisualStudioVersion = 10.0.40219.1
Project("{FAE04EC0-301F-11D3-BF4B-00C04F79EFBC}") = "CloudRun.AspNetCore6.GrpcServer", "CloudRun.AspNetCore6.GrpcServer\CloudRun.AspNetCore6.GrpcServer.csproj", "{B1536577-E1F9-4E8C-BF92-457442663035}"
EndProject
Project("{FAE04EC0-301F-11D3-BF4B-00C04F79EFBC}") = "CloudRun.AspNetCore6.GrpcClient", "CloudRun.AspNetCore6.GrpcClient\CloudRun.AspNetCore6.GrpcClient.csproj", "{6C3BEAF7-FE21-4CAD-B16F-EB0F8B277D58}"
EndProject
Project("{FAE04EC0-301F-11D3-BF4B-00C04F79EFBC}") = "CloudRun.AspNetCore6.HelloWorld", "CloudRun.AspNetCore6.HelloWorld\CloudRun.AspNetCore6.HelloWorld.csproj", "{8BFE7855-1036-41ED-AB95-9980D47BA75B}"
EndProject
Project("{FAE04EC0-301F-11D3-BF4B-00C04F79EFBC}") = "AppRunner.AspNetCore6.HelloWorld", "AppRunner.AspNetCore6.HelloWorld\AppRunner.AspNetCore6.HelloWorld.csproj", "{33B0F8DF-B97F-4D37-8443-8693CFFB5D0E}"
EndProject
Project("{FAE04EC0-301F-11D3-BF4B-00C04F79EFBC}") = "ContainerApps.AspNetCore6.HelloWorld", "ContainerApps.AspNetCore6.HelloWorld\ContainerApps.AspNetCore6.HelloWorld.csproj", "{DB145270-929A-4580-AA77-F65217D3A661}"
EndProject
Global
	GlobalSection(SolutionConfigurationPlatforms) = preSolution
		Debug|Any CPU = Debug|Any CPU
		Release|Any CPU = Release|Any CPU
	EndGlobalSection
	GlobalSection(SolutionProperties) = preSolution
		HideSolutionNode = FALSE
	EndGlobalSection
	GlobalSection(ProjectConfigurationPlatforms) = postSolution
		{B1536577-E1F9-4E8C-BF92-457442663035}.Debug|Any CPU.ActiveCfg = Debug|Any CPU
		{B1536577-E1F9-4E8C-BF92-457442663035}.Debug|Any CPU.Build.0 = Debug|Any CPU
		{B1536577-E1F9-4E8C-BF92-457442663035}.Release|Any CPU.ActiveCfg = Release|Any CPU
		{B1536577-E1F9-4E8C-BF92-457442663035}.Release|Any CPU.Build.0 = Release|Any CPU
		{6C3BEAF7-FE21-4CAD-B16F-EB0F8B277D58}.Debug|Any CPU.ActiveCfg = Debug|Any CPU
		{6C3BEAF7-FE21-4CAD-B16F-EB0F8B277D58}.Debug|Any CPU.Build.0 = Debug|Any CPU
		{6C3BEAF7-FE21-4CAD-B16F-EB0F8B277D58}.Release|Any CPU.ActiveCfg = Release|Any CPU
		{6C3BEAF7-FE21-4CAD-B16F-EB0F8B277D58}.Release|Any CPU.Build.0 = Release|Any CPU
		{8BFE7855-1036-41ED-AB95-9980D47BA75B}.Debug|Any CPU.ActiveCfg = Debug|Any CPU
		{8BFE7855-1036-41ED-AB95-9980D47BA75B}.Debug|Any CPU.Build.0 = Debug|Any CPU
		{8BFE7855-1036-41ED-AB95-9980D47BA75B}.Release|Any CPU.ActiveCfg = Release|Any CPU
		{8BFE7855-1036-41ED-AB95-9980D47BA75B}.Release|Any CPU.Build.0 = Release|Any CPU
		{33B0F8DF-B97F-4D37-8443-8693CFFB5D0E}.Debug|Any CPU.ActiveCfg = Debug|Any CPU
		{33B0F8DF-B97F-4D37-8443-8693CFFB5D0E}.Debug|Any CPU.Build.0 = Debug|Any CPU
		{33B0F8DF-B97F-4D37-8443-8693CFFB5D0E}.Release|Any CPU.ActiveCfg = Release|Any CPU
		{33B0F8DF-B97F-4D37-8443-8693CFFB5D0E}.Release|Any CPU.Build.0 = Release|Any CPU
		{DB145270-929A-4580-AA77-F65217D3A661}.Debug|Any CPU.ActiveCfg = Debug|Any CPU
		{DB145270-929A-4580-AA77-F65217D3A661}.Debug|Any CPU.Build.0 = Debug|Any CPU
		{DB145270-929A-4580-AA77-F65217D3A661}.Release|Any CPU.ActiveCfg = Release|Any CPU
		{DB145270-929A-4580-AA77-F65217D3A661}.Release|Any CPU.Build.0 = Release|Any CPU
	EndGlobalSection
EndGlobal
